
Microsoft Visual Studio Solution File, Format Version 12.00
# Visual Studio Version 16
VisualStudioVersion = 16.0.30621.155
MinimumVisualStudioVersion = 10.0.40219.1
Project("{9A19103F-16F7-4668-BE54-9A1E7A4F7556}") = "DataAccess", "DataAcess\DataAccess.csproj", "{30686BC0-F6B1-444A-A642-2C65A01D5C58}"
EndProject
Project("{9A19103F-16F7-4668-BE54-9A1E7A4F7556}") = "Blazor", "Blazor\Blazor.csproj", "{675598FF-A14B-4F51-8BC8-430A3095566B}"
EndProject
Project("{9A19103F-16F7-4668-BE54-9A1E7A4F7556}") = "Business", "Business\Business.csproj", "{9AC5AD78-0B45-4DA1-9CB7-C5434B8DFCBC}"
EndProject
Project("{9A19103F-16F7-4668-BE54-9A1E7A4F7556}") = "MebliWEBApi", "MebliWEBApi\MebliWEBApi.csproj", "{044B0B41-AF9D-4E33-82F3-7231658ED138}"
EndProject
Global
	GlobalSection(SolutionConfigurationPlatforms) = preSolution
		Debug|Any CPU = Debug|Any CPU
		Release|Any CPU = Release|Any CPU
	EndGlobalSection
	GlobalSection(ProjectConfigurationPlatforms) = postSolution
		{30686BC0-F6B1-444A-A642-2C65A01D5C58}.Debug|Any CPU.ActiveCfg = Debug|Any CPU
		{30686BC0-F6B1-444A-A642-2C65A01D5C58}.Debug|Any CPU.Build.0 = Debug|Any CPU
		{30686BC0-F6B1-444A-A642-2C65A01D5C58}.Release|Any CPU.ActiveCfg = Release|Any CPU
		{30686BC0-F6B1-444A-A642-2C65A01D5C58}.Release|Any CPU.Build.0 = Release|Any CPU
		{675598FF-A14B-4F51-8BC8-430A3095566B}.Debug|Any CPU.ActiveCfg = Debug|Any CPU
		{675598FF-A14B-4F51-8BC8-430A3095566B}.Debug|Any CPU.Build.0 = Debug|Any CPU
		{675598FF-A14B-4F51-8BC8-430A3095566B}.Release|Any CPU.ActiveCfg = Release|Any CPU
		{675598FF-A14B-4F51-8BC8-430A3095566B}.Release|Any CPU.Build.0 = Release|Any CPU
		{9AC5AD78-0B45-4DA1-9CB7-C5434B8DFCBC}.Debug|Any CPU.ActiveCfg = Debug|Any CPU
		{9AC5AD78-0B45-4DA1-9CB7-C5434B8DFCBC}.Debug|Any CPU.Build.0 = Debug|Any CPU
		{9AC5AD78-0B45-4DA1-9CB7-C5434B8DFCBC}.Release|Any CPU.ActiveCfg = Release|Any CPU
		{9AC5AD78-0B45-4DA1-9CB7-C5434B8DFCBC}.Release|Any CPU.Build.0 = Release|Any CPU
		{044B0B41-AF9D-4E33-82F3-7231658ED138}.Debug|Any CPU.ActiveCfg = Debug|Any CPU
		{044B0B41-AF9D-4E33-82F3-7231658ED138}.Debug|Any CPU.Build.0 = Debug|Any CPU
		{044B0B41-AF9D-4E33-82F3-7231658ED138}.Release|Any CPU.ActiveCfg = Release|Any CPU
		{044B0B41-AF9D-4E33-82F3-7231658ED138}.Release|Any CPU.Build.0 = Release|Any CPU
	EndGlobalSection
	GlobalSection(SolutionProperties) = preSolution
		HideSolutionNode = FALSE
	EndGlobalSection
	GlobalSection(ExtensibilityGlobals) = postSolution
		SolutionGuid = {C837A639-DAF4-40B9-9644-9F2B93B88896}
	EndGlobalSection
EndGlobal
